
Microsoft Visual Studio Solution File, Format Version 12.00
# Visual Studio 14
VisualStudioVersion = 14.0.24720.0
MinimumVisualStudioVersion = 10.0.40219.1
Project("{FAE04EC0-301F-11D3-BF4B-00C04F79EFBC}") = "uLogs", "uLogs\uLogs.csproj", "{3AE097F5-CDAD-4F7E-84E9-AD2177BEA552}"
EndProject
Global
	GlobalSection(SolutionConfigurationPlatforms) = preSolution
		Debug|Any CPU = Debug|Any CPU
		Release-net45|Any CPU = Release-net45|Any CPU
		Release-net452|Any CPU = Release-net452|Any CPU
	EndGlobalSection
	GlobalSection(ProjectConfigurationPlatforms) = postSolution
		{3AE097F5-CDAD-4F7E-84E9-AD2177BEA552}.Debug|Any CPU.ActiveCfg = Debug|Any CPU
		{3AE097F5-CDAD-4F7E-84E9-AD2177BEA552}.Debug|Any CPU.Build.0 = Debug|Any CPU
		{3AE097F5-CDAD-4F7E-84E9-AD2177BEA552}.Release-net45|Any CPU.ActiveCfg = Release-net45|Any CPU
		{3AE097F5-CDAD-4F7E-84E9-AD2177BEA552}.Release-net45|Any CPU.Build.0 = Release-net45|Any CPU
		{3AE097F5-CDAD-4F7E-84E9-AD2177BEA552}.Release-net452|Any CPU.ActiveCfg = Release-net452|Any CPU
		{3AE097F5-CDAD-4F7E-84E9-AD2177BEA552}.Release-net452|Any CPU.Build.0 = Release-net452|Any CPU
	EndGlobalSection
	GlobalSection(SolutionProperties) = preSolution
		HideSolutionNode = FALSE
	EndGlobalSection
EndGlobal
